hash: a373d8d7a94a99c86f28d64c74a124cc6b3da6c4303483c6da1bf0ef4b134910
updated: 2017-07-21T14:19:02.341103329+05:30
imports:
- name: github.com/gin-gonic/gin
  version: d459835d2b077e44f7c9b453505ee29881d5d12d
- name: github.com/shirou/gopsutil
  version: aa0a3bce9d1f4efc710ed812f19f77851da2eedd
testImports: []
